// !$*UTF8*$!
{
	archiveVersion = 1;
	classes = {
	};
	objectVersion = 55;
	objects = {

/* Begin PBXBuildFile section */
		B2D0DA4C8621E760E2B278C9 /* Pods_CocktailAppTests.framework in Frameworks */ = {isa = PBXBuildFile; fileRef = EDA638A22299FBA6887E20E2 /* Pods_CocktailAppTests.framework */; };
		C3EC0AA9705A440700709038 /* Pods_CocktailApp_CocktailAppUITests.framework in Frameworks */ = {isa = PBXBuildFile; fileRef = 432D2B46BFBE7AD9668D421E /* Pods_CocktailApp_CocktailAppUITests.framework */; };
		E17B80B11DAE466BB9B35E92 /* Pods_CocktailApp.framework in Frameworks */ = {isa = PBXBuildFile; fileRef = B4C119162198AE965C1E43D8 /* Pods_CocktailApp.framework */; };
		EB564E2E28BA7F5900F668D9 /* AppDelegate.swift in Sources */ = {isa = PBXBuildFile; fileRef = EB564E2D28BA7F5900F668D9 /* AppDelegate.swift */; };
		EB564E3028BA7F5900F668D9 /* SceneDelegate.swift in Sources */ = {isa = PBXBuildFile; fileRef = EB564E2F28BA7F5900F668D9 /* SceneDelegate.swift */; };
		EB564E3228BA7F5900F668D9 /* ViewController.swift in Sources */ = {isa = PBXBuildFile; fileRef = EB564E3128BA7F5900F668D9 /* ViewController.swift */; };
		EB564E3528BA7F5900F668D9 /* Main.storyboard in Resources */ = {isa = PBXBuildFile; fileRef = EB564E3328BA7F5900F668D9 /* Main.storyboard */; };
		EB564E3728BA7F5A00F668D9 /* Assets.xcassets in Resources */ = {isa = PBXBuildFile; fileRef = EB564E3628BA7F5A00F668D9 /* Assets.xcassets */; };
		EB564E3A28BA7F5A00F668D9 /* LaunchScreen.storyboard in Resources */ = {isa = PBXBuildFile; fileRef = EB564E3828BA7F5A00F668D9 /* LaunchScreen.storyboard */; };
		EB564E4F28BA7F5B00F668D9 /* CocktailAppUITests.swift in Sources */ = {isa = PBXBuildFile; fileRef = EB564E4E28BA7F5B00F668D9 /* CocktailAppUITests.swift */; };
		EB564E5128BA7F5B00F668D9 /* CocktailAppUITestsLaunchTests.swift in Sources */ = {isa = PBXBuildFile; fileRef = EB564E5028BA7F5B00F668D9 /* CocktailAppUITestsLaunchTests.swift */; };
		EB564E6228BA7F7300F668D9 /* ResultsViewController.swift in Sources */ = {isa = PBXBuildFile; fileRef = EB564E5E28BA7F7300F668D9 /* ResultsViewController.swift */; };
		EB564E6328BA7F7300F668D9 /* SearchViewController.swift in Sources */ = {isa = PBXBuildFile; fileRef = EB564E5F28BA7F7300F668D9 /* SearchViewController.swift */; };
		EB564E6728BAA72800F668D9 /* Extension.swift in Sources */ = {isa = PBXBuildFile; fileRef = EB564E6628BAA72800F668D9 /* Extension.swift */; };
		EB564E6B28BABB7F00F668D9 /* Constants.swift in Sources */ = {isa = PBXBuildFile; fileRef = EB564E6A28BABB7F00F668D9 /* Constants.swift */; };
		EB564E6D28BABC2700F668D9 /* SessionHandler.swift in Sources */ = {isa = PBXBuildFile; fileRef = EB564E6C28BABC2700F668D9 /* SessionHandler.swift */; };
		EB564E7028BAC44D00F668D9 /* Cocktail.swift in Sources */ = {isa = PBXBuildFile; fileRef = EB564E6F28BAC44D00F668D9 /* Cocktail.swift */; };
		EB564E7228BACCC600F668D9 /* CocktailViewModel.swift in Sources */ = {isa = PBXBuildFile; fileRef = EB564E7128BACCC600F668D9 /* CocktailViewModel.swift */; };
		EB5A0B6928BED28E00AB1EA0 /* NetworkMonitor.swift in Sources */ = {isa = PBXBuildFile; fileRef = EB5A0B6828BED28E00AB1EA0 /* NetworkMonitor.swift */; };
		EB5A0B6A28BED28E00AB1EA0 /* NetworkMonitor.swift in Sources */ = {isa = PBXBuildFile; fileRef = EB5A0B6828BED28E00AB1EA0 /* NetworkMonitor.swift */; };
		EB5A0B6D28BF0CB300AB1EA0 /* 86401-cocktail-mix.json in Resources */ = {isa = PBXBuildFile; fileRef = EB5A0B6C28BF0CB300AB1EA0 /* 86401-cocktail-mix.json */; };
		EB92F58B28BC10A6004A033C /* CocktailTableViewCell.swift in Sources */ = {isa = PBXBuildFile; fileRef = EB92F58928BC10A6004A033C /* CocktailTableViewCell.swift */; };
		EB92F58C28BC10A6004A033C /* CocktailTableViewCell.xib in Resources */ = {isa = PBXBuildFile; fileRef = EB92F58A28BC10A6004A033C /* CocktailTableViewCell.xib */; };
		EB92F58E28BC1FE4004A033C /* Functions.swift in Sources */ = {isa = PBXBuildFile; fileRef = EB92F58D28BC1FE4004A033C /* Functions.swift */; };
		EB92F59028BC25A3004A033C /* Enums.swift in Sources */ = {isa = PBXBuildFile; fileRef = EB92F58F28BC25A3004A033C /* Enums.swift */; };
		EB92F59328BC2AFB004A033C /* IngredientTableViewCell.swift in Sources */ = {isa = PBXBuildFile; fileRef = EB92F59128BC2AFB004A033C /* IngredientTableViewCell.swift */; };
		EB92F59428BC2AFB004A033C /* IngredientTableViewCell.xib in Resources */ = {isa = PBXBuildFile; fileRef = EB92F59228BC2AFB004A033C /* IngredientTableViewCell.xib */; };
		EBD1B2E328BD90A2007D411B /* CocktailTests.swift in Sources */ = {isa = PBXBuildFile; fileRef = EBD1B2E228BD90A2007D411B /* CocktailTests.swift */; };
		EBD1B2E628BDA1E9007D411B /* AlertViewController.swift in Sources */ = {isa = PBXBuildFile; fileRef = EBD1B2E428BDA1E9007D411B /* AlertViewController.swift */; };
		EBD1B2E728BDA1E9007D411B /* AlertViewController.xib in Resources */ = {isa = PBXBuildFile; fileRef = EBD1B2E528BDA1E9007D411B /* AlertViewController.xib */; };
/* End PBXBuildFile section */

/* Begin PBXContainerItemProxy section */
		EB564E4128BA7F5B00F668D9 /* PBXContainerItemProxy */ = {
			isa = PBXContainerItemProxy;
			containerPortal = EB564E2228BA7F5900F668D9 /* Project object */;
			proxyType = 1;
			remoteGlobalIDString = EB564E2928BA7F5900F668D9;
			remoteInfo = CocktailApp;
		};
		EB564E4B28BA7F5B00F668D9 /* PBXContainerItemProxy */ = {
			isa = PBXContainerItemProxy;
			containerPortal = EB564E2228BA7F5900F668D9 /* Project object */;
			proxyType = 1;
			remoteGlobalIDString = EB564E2928BA7F5900F668D9;
			remoteInfo = CocktailApp;
		};
/* End PBXContainerItemProxy section */

/* Begin PBXFileReference section */
		05D0A2F613B01EC0985D6632 /* Pods-CocktailApp-CocktailAppUITests.release.xcconfig */ = {isa = PBXFileReference; includeInIndex = 1; lastKnownFileType = text.xcconfig; name = "Pods-CocktailApp-CocktailAppUITests.release.xcconfig"; path = "Target Support Files/Pods-CocktailApp-CocktailAppUITests/Pods-CocktailApp-CocktailAppUITests.release.xcconfig"; sourceTree = "<group>"; };
		2C4400FCA4D39B24F48F3328 /* Pods-CocktailAppTests.release.xcconfig */ = {isa = PBXFileReference; includeInIndex = 1; lastKnownFileType = text.xcconfig; name = "Pods-CocktailAppTests.release.xcconfig"; path = "Target Support Files/Pods-CocktailAppTests/Pods-CocktailAppTests.release.xcconfig"; sourceTree = "<group>"; };
		2CCF40CF4B7DB3ECD5824668 /* Pods-CocktailApp.debug.xcconfig */ = {isa = PBXFileReference; includeInIndex = 1; lastKnownFileType = text.xcconfig; name = "Pods-CocktailApp.debug.xcconfig"; path = "Target Support Files/Pods-CocktailApp/Pods-CocktailApp.debug.xcconfig"; sourceTree = "<group>"; };
		432D2B46BFBE7AD9668D421E /* Pods_CocktailApp_CocktailAppUITests.framework */ = {isa = PBXFileReference; explicitFileType = wrapper.framework; includeInIndex = 0; path = Pods_CocktailApp_CocktailAppUITests.framework; sourceTree = BUILT_PRODUCTS_DIR; };
		49E0B7F5A33C8102CE04D4A2 /* Pods-CocktailApp-CocktailAppUITests.debug.xcconfig */ = {isa = PBXFileReference; includeInIndex = 1; lastKnownFileType = text.xcconfig; name = "Pods-CocktailApp-CocktailAppUITests.debug.xcconfig"; path = "Target Support Files/Pods-CocktailApp-CocktailAppUITests/Pods-CocktailApp-CocktailAppUITests.debug.xcconfig"; sourceTree = "<group>"; };
		5FD47C4C545CB8E6FD2E8A8B /* Pods-CocktailApp.release.xcconfig */ = {isa = PBXFileReference; includeInIndex = 1; lastKnownFileType = text.xcconfig; name = "Pods-CocktailApp.release.xcconfig"; path = "Target Support Files/Pods-CocktailApp/Pods-CocktailApp.release.xcconfig"; sourceTree = "<group>"; };
		B4C119162198AE965C1E43D8 /* Pods_CocktailApp.framework */ = {isa = PBXFileReference; explicitFileType = wrapper.framework; includeInIndex = 0; path = Pods_CocktailApp.framework; sourceTree = BUILT_PRODUCTS_DIR; };
		C7B099122B98CE8DDDBDB828 /* Pods-CocktailAppTests.debug.xcconfig */ = {isa = PBXFileReference; includeInIndex = 1; lastKnownFileType = text.xcconfig; name = "Pods-CocktailAppTests.debug.xcconfig"; path = "Target Support Files/Pods-CocktailAppTests/Pods-CocktailAppTests.debug.xcconfig"; sourceTree = "<group>"; };
		EB564E2A28BA7F5900F668D9 /* CocktailApp.app */ = {isa = PBXFileReference; explicitFileType = wrapper.application; includeInIndex = 0; path = CocktailApp.app; sourceTree = BUILT_PRODUCTS_DIR; };
		EB564E2D28BA7F5900F668D9 /* AppDelegate.swift */ = {isa = PBXFileReference; lastKnownFileType = sourcecode.swift; path = AppDelegate.swift; sourceTree = "<group>"; };
		EB564E2F28BA7F5900F668D9 /* SceneDelegate.swift */ = {isa = PBXFileReference; lastKnownFileType = sourcecode.swift; path = SceneDelegate.swift; sourceTree = "<group>"; };
		EB564E3128BA7F5900F668D9 /* ViewController.swift */ = {isa = PBXFileReference; lastKnownFileType = sourcecode.swift; path = ViewController.swift; sourceTree = "<group>"; };
		EB564E3428BA7F5900F668D9 /* Base */ = {isa = PBXFileReference; lastKnownFileType = file.storyboard; name = Base; path = Base.lproj/Main.storyboard; sourceTree = "<group>"; };
		EB564E3628BA7F5A00F668D9 /* Assets.xcassets */ = {isa = PBXFileReference; lastKnownFileType = folder.assetcatalog; path = Assets.xcassets; sourceTree = "<group>"; };
		EB564E3928BA7F5A00F668D9 /* Base */ = {isa = PBXFileReference; lastKnownFileType = file.storyboard; name = Base; path = Base.lproj/LaunchScreen.storyboard; sourceTree = "<group>"; };
		EB564E3B28BA7F5A00F668D9 /* Info.plist */ = {isa = PBXFileReference; lastKnownFileType = text.plist.xml; path = Info.plist; sourceTree = "<group>"; };
		EB564E4028BA7F5B00F668D9 /* CocktailAppTests.xctest */ = {isa = PBXFileReference; explicitFileType = wrapper.cfbundle; includeInIndex = 0; path = CocktailAppTests.xctest; sourceTree = BUILT_PRODUCTS_DIR; };
		EB564E4A28BA7F5B00F668D9 /* CocktailAppUITests.xctest */ = {isa = PBXFileReference; explicitFileType = wrapper.cfbundle; includeInIndex = 0; path = CocktailAppUITests.xctest; sourceTree = BUILT_PRODUCTS_DIR; };
		EB564E4E28BA7F5B00F668D9 /* CocktailAppUITests.swift */ = {isa = PBXFileReference; lastKnownFileType = sourcecode.swift; path = CocktailAppUITests.swift; sourceTree = "<group>"; };
		EB564E5028BA7F5B00F668D9 /* CocktailAppUITestsLaunchTests.swift */ = {isa = PBXFileReference; lastKnownFileType = sourcecode.swift; path = CocktailAppUITestsLaunchTests.swift; sourceTree = "<group>"; };
		EB564E5E28BA7F7300F668D9 /* ResultsViewController.swift */ = {isa = PBXFileReference; fileEncoding = 4; lastKnownFileType = sourcecode.swift; path = ResultsViewController.swift; sourceTree = "<group>"; };
		EB564E5F28BA7F7300F668D9 /* SearchViewController.swift */ = {isa = PBXFileReference; fileEncoding = 4; lastKnownFileType = sourcecode.swift; path = SearchViewController.swift; sourceTree = "<group>"; };
		EB564E6628BAA72800F668D9 /* Extension.swift */ = {isa = PBXFileReference; fileEncoding = 4; lastKnownFileType = sourcecode.swift; path = Extension.swift; sourceTree = "<group>"; };
		EB564E6A28BABB7F00F668D9 /* Constants.swift */ = {isa = PBXFileReference; lastKnownFileType = sourcecode.swift; path = Constants.swift; sourceTree = "<group>"; };
		EB564E6C28BABC2700F668D9 /* SessionHandler.swift */ = {isa = PBXFileReference; fileEncoding = 4; lastKnownFileType = sourcecode.swift; path = SessionHandler.swift; sourceTree = "<group>"; };
		EB564E6F28BAC44D00F668D9 /* Cocktail.swift */ = {isa = PBXFileReference; lastKnownFileType = sourcecode.swift; path = Cocktail.swift; sourceTree = "<group>"; };
		EB564E7128BACCC600F668D9 /* CocktailViewModel.swift */ = {isa = PBXFileReference; lastKnownFileType = sourcecode.swift; path = CocktailViewModel.swift; sourceTree = "<group>"; };
		EB5A0B6828BED28E00AB1EA0 /* NetworkMonitor.swift */ = {isa = PBXFileReference; lastKnownFileType = sourcecode.swift; path = NetworkMonitor.swift; sourceTree = "<group>"; };
		EB5A0B6C28BF0CB300AB1EA0 /* 86401-cocktail-mix.json */ = {isa = PBXFileReference; fileEncoding = 4; lastKnownFileType = text.json; path = "86401-cocktail-mix.json"; sourceTree = "<group>"; };
		EB92F58928BC10A6004A033C /* CocktailTableViewCell.swift */ = {isa = PBXFileReference; lastKnownFileType = sourcecode.swift; path = CocktailTableViewCell.swift; sourceTree = "<group>"; };
		EB92F58A28BC10A6004A033C /* CocktailTableViewCell.xib */ = {isa = PBXFileReference; lastKnownFileType = file.xib; path = CocktailTableViewCell.xib; sourceTree = "<group>"; };
		EB92F58D28BC1FE4004A033C /* Functions.swift */ = {isa = PBXFileReference; lastKnownFileType = sourcecode.swift; path = Functions.swift; sourceTree = "<group>"; };
		EB92F58F28BC25A3004A033C /* Enums.swift */ = {isa = PBXFileReference; lastKnownFileType = sourcecode.swift; path = Enums.swift; sourceTree = "<group>"; };
		EB92F59128BC2AFB004A033C /* IngredientTableViewCell.swift */ = {isa = PBXFileReference; lastKnownFileType = sourcecode.swift; path = IngredientTableViewCell.swift; sourceTree = "<group>"; };
		EB92F59228BC2AFB004A033C /* IngredientTableViewCell.xib */ = {isa = PBXFileReference; lastKnownFileType = file.xib; path = IngredientTableViewCell.xib; sourceTree = "<group>"; };
		EBD1B2E228BD90A2007D411B /* CocktailTests.swift */ = {isa = PBXFileReference; lastKnownFileType = sourcecode.swift; path = CocktailTests.swift; sourceTree = "<group>"; };
		EBD1B2E428BDA1E9007D411B /* AlertViewController.swift */ = {isa = PBXFileReference; fileEncoding = 4; lastKnownFileType = sourcecode.swift; path = AlertViewController.swift; sourceTree = "<group>"; };
		EBD1B2E528BDA1E9007D411B /* AlertViewController.xib */ = {isa = PBXFileReference; fileEncoding = 4; lastKnownFileType = file.xib; path = AlertViewController.xib; sourceTree = "<group>"; };
		EDA638A22299FBA6887E20E2 /* Pods_CocktailAppTests.framework */ = {isa = PBXFileReference; explicitFileType = wrapper.framework; includeInIndex = 0; path = Pods_CocktailAppTests.framework; sourceTree = BUILT_PRODUCTS_DIR; };
/* End PBXFileReference section */

/* Begin PBXFrameworksBuildPhase section */
		EB564E2728BA7F5900F668D9 /* Frameworks */ = {
			isa = PBXFrameworksBuildPhase;
			buildActionMask = 2147483647;
			files = (
				E17B80B11DAE466BB9B35E92 /* Pods_CocktailApp.framework in Frameworks */,
			);
			runOnlyForDeploymentPostprocessing = 0;
		};
		EB564E3D28BA7F5B00F668D9 /* Frameworks */ = {
			isa = PBXFrameworksBuildPhase;
			buildActionMask = 2147483647;
			files = (
				B2D0DA4C8621E760E2B278C9 /* Pods_CocktailAppTests.framework in Frameworks */,
			);
			runOnlyForDeploymentPostprocessing = 0;
		};
		EB564E4728BA7F5B00F668D9 /* Frameworks */ = {
			isa = PBXFrameworksBuildPhase;
			buildActionMask = 2147483647;
			files = (
				C3EC0AA9705A440700709038 /* Pods_CocktailApp_CocktailAppUITests.framework in Frameworks */,
			);
			runOnlyForDeploymentPostprocessing = 0;
		};
/* End PBXFrameworksBuildPhase section */

/* Begin PBXGroup section */
		073215692EA2C76FFAB2616D /* Frameworks */ = {
			isa = PBXGroup;
			children = (
				B4C119162198AE965C1E43D8 /* Pods_CocktailApp.framework */,
				432D2B46BFBE7AD9668D421E /* Pods_CocktailApp_CocktailAppUITests.framework */,
				EDA638A22299FBA6887E20E2 /* Pods_CocktailAppTests.framework */,
			);
			name = Frameworks;
			sourceTree = "<group>";
		};
		23A59E6BEAF4609335D77168 /* Pods */ = {
			isa = PBXGroup;
			children = (
				2CCF40CF4B7DB3ECD5824668 /* Pods-CocktailApp.debug.xcconfig */,
				5FD47C4C545CB8E6FD2E8A8B /* Pods-CocktailApp.release.xcconfig */,
				49E0B7F5A33C8102CE04D4A2 /* Pods-CocktailApp-CocktailAppUITests.debug.xcconfig */,
				05D0A2F613B01EC0985D6632 /* Pods-CocktailApp-CocktailAppUITests.release.xcconfig */,
				C7B099122B98CE8DDDBDB828 /* Pods-CocktailAppTests.debug.xcconfig */,
				2C4400FCA4D39B24F48F3328 /* Pods-CocktailAppTests.release.xcconfig */,
			);
			path = Pods;
			sourceTree = "<group>";
		};
		EB564E2128BA7F5900F668D9 = {
			isa = PBXGroup;
			children = (
				EB564E2C28BA7F5900F668D9 /* CocktailApp */,
				EB564E4328BA7F5B00F668D9 /* CocktailAppTests */,
				EB564E4D28BA7F5B00F668D9 /* CocktailAppUITests */,
				EB564E2B28BA7F5900F668D9 /* Products */,
				23A59E6BEAF4609335D77168 /* Pods */,
				073215692EA2C76FFAB2616D /* Frameworks */,
			);
			sourceTree = "<group>";
		};
		EB564E2B28BA7F5900F668D9 /* Products */ = {
			isa = PBXGroup;
			children = (
				EB564E2A28BA7F5900F668D9 /* CocktailApp.app */,
				EB564E4028BA7F5B00F668D9 /* CocktailAppTests.xctest */,
				EB564E4A28BA7F5B00F668D9 /* CocktailAppUITests.xctest */,
			);
			name = Products;
			sourceTree = "<group>";
		};
		EB564E2C28BA7F5900F668D9 /* CocktailApp */ = {
			isa = PBXGroup;
			children = (
				EB5A0B6B28BF0C9900AB1EA0 /* RawAnimations */,
				EB92F58828BC1092004A033C /* Custom Views */,
				EB564E6E28BAC3B000F668D9 /* Models */,
				EB564E6928BAA7B500F668D9 /* API */,
				EB564E6828BAA72D00F668D9 /* Helpers */,
				EB564E6528BA7F8300F668D9 /* ViewController */,
				EB564E2D28BA7F5900F668D9 /* AppDelegate.swift */,
				EB564E2F28BA7F5900F668D9 /* SceneDelegate.swift */,
				EB564E3128BA7F5900F668D9 /* ViewController.swift */,
				EB564E3328BA7F5900F668D9 /* Main.storyboard */,
				EB564E3628BA7F5A00F668D9 /* Assets.xcassets */,
				EB564E3828BA7F5A00F668D9 /* LaunchScreen.storyboard */,
				EB564E3B28BA7F5A00F668D9 /* Info.plist */,
				EB5A0B6828BED28E00AB1EA0 /* NetworkMonitor.swift */,
			);
			path = CocktailApp;
			sourceTree = "<group>";
		};
		EB564E4328BA7F5B00F668D9 /* CocktailAppTests */ = {
			isa = PBXGroup;
			children = (
				EBD1B2E128BD901A007D411B /* Cases */,
			);
			path = CocktailAppTests;
			sourceTree = "<group>";
		};
		EB564E4D28BA7F5B00F668D9 /* CocktailAppUITests */ = {
			isa = PBXGroup;
			children = (
				EB564E4E28BA7F5B00F668D9 /* CocktailAppUITests.swift */,
				EB564E5028BA7F5B00F668D9 /* CocktailAppUITestsLaunchTests.swift */,
			);
			path = CocktailAppUITests;
			sourceTree = "<group>";
		};
		EB564E6528BA7F8300F668D9 /* ViewController */ = {
			isa = PBXGroup;
			children = (
				EB564E5E28BA7F7300F668D9 /* ResultsViewController.swift */,
				EB564E5F28BA7F7300F668D9 /* SearchViewController.swift */,
			);
			path = ViewController;
			sourceTree = "<group>";
		};
		EB564E6828BAA72D00F668D9 /* Helpers */ = {
			isa = PBXGroup;
			children = (
				EB564E6628BAA72800F668D9 /* Extension.swift */,
				EB564E6A28BABB7F00F668D9 /* Constants.swift */,
				EB564E7128BACCC600F668D9 /* CocktailViewModel.swift */,
				EB92F58D28BC1FE4004A033C /* Functions.swift */,
				EB92F58F28BC25A3004A033C /* Enums.swift */,
			);
			path = Helpers;
			sourceTree = "<group>";
		};
		EB564E6928BAA7B500F668D9 /* API */ = {
			isa = PBXGroup;
			children = (
				EB564E6C28BABC2700F668D9 /* SessionHandler.swift */,
			);
			path = API;
			sourceTree = "<group>";
		};
		EB564E6E28BAC3B000F668D9 /* Models */ = {
			isa = PBXGroup;
			children = (
				EB564E6F28BAC44D00F668D9 /* Cocktail.swift */,
			);
			path = Models;
			sourceTree = "<group>";
		};
		EB5A0B6B28BF0C9900AB1EA0 /* RawAnimations */ = {
			isa = PBXGroup;
			children = (
				EB5A0B6C28BF0CB300AB1EA0 /* 86401-cocktail-mix.json */,
			);
			path = RawAnimations;
			sourceTree = "<group>";
		};
		EB92F58828BC1092004A033C /* Custom Views */ = {
			isa = PBXGroup;
			children = (
				EB92F58928BC10A6004A033C /* CocktailTableViewCell.swift */,
				EB92F58A28BC10A6004A033C /* CocktailTableViewCell.xib */,
				EB92F59128BC2AFB004A033C /* IngredientTableViewCell.swift */,
				EB92F59228BC2AFB004A033C /* IngredientTableViewCell.xib */,
				EBD1B2E428BDA1E9007D411B /* AlertViewController.swift */,
				EBD1B2E528BDA1E9007D411B /* AlertViewController.xib */,
			);
			path = "Custom Views";
			sourceTree = "<group>";
		};
		EBD1B2E128BD901A007D411B /* Cases */ = {
			isa = PBXGroup;
			children = (
				EBD1B2E228BD90A2007D411B /* CocktailTests.swift */,
			);
			path = Cases;
			sourceTree = "<group>";
		};
/* End PBXGroup section */

/* Begin PBXNativeTarget section */
		EB564E2928BA7F5900F668D9 /* CocktailApp */ = {
			isa = PBXNativeTarget;
			buildConfigurationList = EB564E5428BA7F5B00F668D9 /* Build configuration list for PBXNativeTarget "CocktailApp" */;
			buildPhases = (
				B3A4BAAF3F45C8F48A119D86 /* [CP] Check Pods Manifest.lock */,
				EB564E2628BA7F5900F668D9 /* Sources */,
				EB564E2728BA7F5900F668D9 /* Frameworks */,
				EB564E2828BA7F5900F668D9 /* Resources */,
				70949874D67D5BEEC55F6622 /* [CP] Embed Pods Frameworks */,
			);
			buildRules = (
			);
			dependencies = (
			);
			name = CocktailApp;
			productName = CocktailApp;
			productReference = EB564E2A28BA7F5900F668D9 /* CocktailApp.app */;
			productType = "com.apple.product-type.application";
		};
		EB564E3F28BA7F5B00F668D9 /* CocktailAppTests */ = {
			isa = PBXNativeTarget;
			buildConfigurationList = EB564E5728BA7F5B00F668D9 /* Build configuration list for PBXNativeTarget "CocktailAppTests" */;
			buildPhases = (
				DCBEFDC11EB7B8C0A545EC83 /* [CP] Check Pods Manifest.lock */,
				EB564E3C28BA7F5B00F668D9 /* Sources */,
				EB564E3D28BA7F5B00F668D9 /* Frameworks */,
				EB564E3E28BA7F5B00F668D9 /* Resources */,
			);
			buildRules = (
			);
			dependencies = (
				EB564E4228BA7F5B00F668D9 /* PBXTargetDependency */,
			);
			name = CocktailAppTests;
			productName = CocktailAppTests;
			productReference = EB564E4028BA7F5B00F668D9 /* CocktailAppTests.xctest */;
			productType = "com.apple.product-type.bundle.unit-test";
		};
		EB564E4928BA7F5B00F668D9 /* CocktailAppUITests */ = {
			isa = PBXNativeTarget;
			buildConfigurationList = EB564E5A28BA7F5B00F668D9 /* Build configuration list for PBXNativeTarget "CocktailAppUITests" */;
			buildPhases = (
				2619B4C671F8289CEE297941 /* [CP] Check Pods Manifest.lock */,
				EB564E4628BA7F5B00F668D9 /* Sources */,
				EB564E4728BA7F5B00F668D9 /* Frameworks */,
				EB564E4828BA7F5B00F668D9 /* Resources */,
				972A01B37F15D2E4CE324E2B /* [CP] Embed Pods Frameworks */,
			);
			buildRules = (
			);
			dependencies = (
				EB564E4C28BA7F5B00F668D9 /* PBXTargetDependency */,
			);
			name = CocktailAppUITests;
			productName = CocktailAppUITests;
			productReference = EB564E4A28BA7F5B00F668D9 /* CocktailAppUITests.xctest */;
			productType = "com.apple.product-type.bundle.ui-testing";
		};
/* End PBXNativeTarget section */

/* Begin PBXProject section */
		EB564E2228BA7F5900F668D9 /* Project object */ = {
			isa = PBXProject;
			attributes = {
				BuildIndependentTargetsInParallel = 1;
				LastSwiftUpdateCheck = 1340;
				LastUpgradeCheck = 1340;
				TargetAttributes = {
					EB564E2928BA7F5900F668D9 = {
						CreatedOnToolsVersion = 13.4.1;
					};
					EB564E3F28BA7F5B00F668D9 = {
						CreatedOnToolsVersion = 13.4.1;
						LastSwiftMigration = 1340;
						TestTargetID = EB564E2928BA7F5900F668D9;
					};
					EB564E4928BA7F5B00F668D9 = {
						CreatedOnToolsVersion = 13.4.1;
						TestTargetID = EB564E2928BA7F5900F668D9;
					};
				};
			};
			buildConfigurationList = EB564E2528BA7F5900F668D9 /* Build configuration list for PBXProject "CocktailApp" */;
			compatibilityVersion = "Xcode 13.0";
			developmentRegion = en;
			hasScannedForEncodings = 0;
			knownRegions = (
				en,
				Base,
			);
			mainGroup = EB564E2128BA7F5900F668D9;
			productRefGroup = EB564E2B28BA7F5900F668D9 /* Products */;
			projectDirPath = "";
			projectRoot = "";
			targets = (
				EB564E2928BA7F5900F668D9 /* CocktailApp */,
				EB564E3F28BA7F5B00F668D9 /* CocktailAppTests */,
				EB564E4928BA7F5B00F668D9 /* CocktailAppUITests */,
			);
		};
/* End PBXProject section */

/* Begin PBXResourcesBuildPhase section */
		EB564E2828BA7F5900F668D9 /* Resources */ = {
			isa = PBXResourcesBuildPhase;
			buildActionMask = 2147483647;
			files = (
				EB5A0B6D28BF0CB300AB1EA0 /* 86401-cocktail-mix.json in Resources */,
				EB564E3A28BA7F5A00F668D9 /* LaunchScreen.storyboard in Resources */,
				EB564E3728BA7F5A00F668D9 /* Assets.xcassets in Resources */,
				EB564E3528BA7F5900F668D9 /* Main.storyboard in Resources */,
				EB92F58C28BC10A6004A033C /* CocktailTableViewCell.xib in Resources */,
				EB92F59428BC2AFB004A033C /* IngredientTableViewCell.xib in Resources */,
				EBD1B2E728BDA1E9007D411B /* AlertViewController.xib in Resources */,
			);
			runOnlyForDeploymentPostprocessing = 0;
		};
		EB564E3E28BA7F5B00F668D9 /* Resources */ = {
			isa = PBXResourcesBuildPhase;
			buildActionMask = 2147483647;
			files = (
			);
			runOnlyForDeploymentPostprocessing = 0;
		};
		EB564E4828BA7F5B00F668D9 /* Resources */ = {
			isa = PBXResourcesBuildPhase;
			buildActionMask = 2147483647;
			files = (
			);
			runOnlyForDeploymentPostprocessing = 0;
		};
/* End PBXResourcesBuildPhase section */

/* Begin PBXShellScriptBuildPhase section */
		2619B4C671F8289CEE297941 /* [CP] Check Pods Manifest.lock */ = {
			isa = PBXShellScriptBuildPhase;
			buildActionMask = 2147483647;
			files = (
			);
			inputFileListPaths = (
			);
			inputPaths = (
				"${PODS_PODFILE_DIR_PATH}/Podfile.lock",
				"${PODS_ROOT}/Manifest.lock",
			);
			name = "[CP] Check Pods Manifest.lock";
			outputFileListPaths = (
			);
			outputPaths = (
				"$(DERIVED_FILE_DIR)/Pods-CocktailApp-CocktailAppUITests-checkManifestLockResult.txt",
			);
			runOnlyForDeploymentPostprocessing = 0;
			shellPath = /bin/sh;
			shellScript = "diff \"${PODS_PODFILE_DIR_PATH}/Podfile.lock\" \"${PODS_ROOT}/Manifest.lock\" > /dev/null\nif [ $? != 0 ] ; then\n    # print error to STDERR\n    echo \"error: The sandbox is not in sync with the Podfile.lock. Run 'pod install' or update your CocoaPods installation.\" >&2\n    exit 1\nfi\n# This output is used by Xcode 'outputs' to avoid re-running this script phase.\necho \"SUCCESS\" > \"${SCRIPT_OUTPUT_FILE_0}\"\n";
			showEnvVarsInLog = 0;
		};
		70949874D67D5BEEC55F6622 /* [CP] Embed Pods Frameworks */ = {
			isa = PBXShellScriptBuildPhase;
			buildActionMask = 2147483647;
			files = (
			);
			inputFileListPaths = (
				"${PODS_ROOT}/Target Support Files/Pods-CocktailApp/Pods-CocktailApp-frameworks-${CONFIGURATION}-input-files.xcfilelist",
			);
			name = "[CP] Embed Pods Frameworks";
			outputFileListPaths = (
				"${PODS_ROOT}/Target Support Files/Pods-CocktailApp/Pods-CocktailApp-frameworks-${CONFIGURATION}-output-files.xcfilelist",
			);
			runOnlyForDeploymentPostprocessing = 0;
			shellPath = /bin/sh;
			shellScript = "\"${PODS_ROOT}/Target Support Files/Pods-CocktailApp/Pods-CocktailApp-frameworks.sh\"\n";
			showEnvVarsInLog = 0;
		};
		972A01B37F15D2E4CE324E2B /* [CP] Embed Pods Frameworks */ = {
			isa = PBXShellScriptBuildPhase;
			buildActionMask = 2147483647;
			files = (
			);
			inputFileListPaths = (
				"${PODS_ROOT}/Target Support Files/Pods-CocktailApp-CocktailAppUITests/Pods-CocktailApp-CocktailAppUITests-frameworks-${CONFIGURATION}-input-files.xcfilelist",
			);
			name = "[CP] Embed Pods Frameworks";
			outputFileListPaths = (
				"${PODS_ROOT}/Target Support Files/Pods-CocktailApp-CocktailAppUITests/Pods-CocktailApp-CocktailAppUITests-frameworks-${CONFIGURATION}-output-files.xcfilelist",
			);
			runOnlyForDeploymentPostprocessing = 0;
			shellPath = /bin/sh;
			shellScript = "\"${PODS_ROOT}/Target Support Files/Pods-CocktailApp-CocktailAppUITests/Pods-CocktailApp-CocktailAppUITests-frameworks.sh\"\n";
			showEnvVarsInLog = 0;
		};
		B3A4BAAF3F45C8F48A119D86 /* [CP] Check Pods Manifest.lock */ = {
			isa = PBXShellScriptBuildPhase;
			buildActionMask = 2147483647;
			files = (
			);
			inputFileListPaths = (
			);
			inputPaths = (
				"${PODS_PODFILE_DIR_PATH}/Podfile.lock",
				"${PODS_ROOT}/Manifest.lock",
			);
			name = "[CP] Check Pods Manifest.lock";
			outputFileListPaths = (
			);
			outputPaths = (
				"$(DERIVED_FILE_DIR)/Pods-CocktailApp-checkManifestLockResult.txt",
			);
			runOnlyForDeploymentPostprocessing = 0;
			shellPath = /bin/sh;
			shellScript = "diff \"${PODS_PODFILE_DIR_PATH}/Podfile.lock\" \"${PODS_ROOT}/Manifest.lock\" > /dev/null\nif [ $? != 0 ] ; then\n    # print error to STDERR\n    echo \"error: The sandbox is not in sync with the Podfile.lock. Run 'pod install' or update your CocoaPods installation.\" >&2\n    exit 1\nfi\n# This output is used by Xcode 'outputs' to avoid re-running this script phase.\necho \"SUCCESS\" > \"${SCRIPT_OUTPUT_FILE_0}\"\n";
			showEnvVarsInLog = 0;
		};
		DCBEFDC11EB7B8C0A545EC83 /* [CP] Check Pods Manifest.lock */ = {
			isa = PBXShellScriptBuildPhase;
			buildActionMask = 2147483647;
			files = (
			);
			inputFileListPaths = (
			);
			inputPaths = (
				"${PODS_PODFILE_DIR_PATH}/Podfile.lock",
				"${PODS_ROOT}/Manifest.lock",
			);
			name = "[CP] Check Pods Manifest.lock";
			outputFileListPaths = (
			);
			outputPaths = (
				"$(DERIVED_FILE_DIR)/Pods-CocktailAppTests-checkManifestLockResult.txt",
			);
			runOnlyForDeploymentPostprocessing = 0;
			shellPath = /bin/sh;
			shellScript = "diff \"${PODS_PODFILE_DIR_PATH}/Podfile.lock\" \"${PODS_ROOT}/Manifest.lock\" > /dev/null\nif [ $? != 0 ] ; then\n    # print error to STDERR\n    echo \"error: The sandbox is not in sync with the Podfile.lock. Run 'pod install' or update your CocoaPods installation.\" >&2\n    exit 1\nfi\n# This output is used by Xcode 'outputs' to avoid re-running this script phase.\necho \"SUCCESS\" > \"${SCRIPT_OUTPUT_FILE_0}\"\n";
			showEnvVarsInLog = 0;
		};
/* End PBXShellScriptBuildPhase section */

/* Begin PBXSourcesBuildPhase section */
		EB564E2628BA7F5900F668D9 /* Sources */ = {
			isa = PBXSourcesBuildPhase;
			buildActionMask = 2147483647;
			files = (
				EB564E6328BA7F7300F668D9 /* SearchViewController.swift in Sources */,
				EB5A0B6928BED28E00AB1EA0 /* NetworkMonitor.swift in Sources */,
				EB564E6D28BABC2700F668D9 /* SessionHandler.swift in Sources */,
				EB92F59328BC2AFB004A033C /* IngredientTableViewCell.swift in Sources */,
				EB564E3228BA7F5900F668D9 /* ViewController.swift in Sources */,
				EB564E7028BAC44D00F668D9 /* Cocktail.swift in Sources */,
				EB564E7228BACCC600F668D9 /* CocktailViewModel.swift in Sources */,
				EB564E6B28BABB7F00F668D9 /* Constants.swift in Sources */,
				EB92F58B28BC10A6004A033C /* CocktailTableViewCell.swift in Sources */,
				EB92F59028BC25A3004A033C /* Enums.swift in Sources */,
				EB564E2E28BA7F5900F668D9 /* AppDelegate.swift in Sources */,
				EB564E3028BA7F5900F668D9 /* SceneDelegate.swift in Sources */,
				EB564E6228BA7F7300F668D9 /* ResultsViewController.swift in Sources */,
				EB564E6728BAA72800F668D9 /* Extension.swift in Sources */,
				EBD1B2E628BDA1E9007D411B /* AlertViewController.swift in Sources */,
				EB92F58E28BC1FE4004A033C /* Functions.swift in Sources */,
			);
			runOnlyForDeploymentPostprocessing = 0;
		};
		EB564E3C28BA7F5B00F668D9 /* Sources */ = {
			isa = PBXSourcesBuildPhase;
			buildActionMask = 2147483647;
			files = (
				EBD1B2E328BD90A2007D411B /* CocktailTests.swift in Sources */,
				EB5A0B6A28BED28E00AB1EA0 /* NetworkMonitor.swift in Sources */,
			);
			runOnlyForDeploymentPostprocessing = 0;
		};
		EB564E4628BA7F5B00F668D9 /* Sources */ = {
			isa = PBXSourcesBuildPhase;
			buildActionMask = 2147483647;
			files = (
				EB564E5128BA7F5B00F668D9 /* CocktailAppUITestsLaunchTests.swift in Sources */,
				EB564E4F28BA7F5B00F668D9 /* CocktailAppUITests.swift in Sources */,
			);
			runOnlyForDeploymentPostprocessing = 0;
		};
/* End PBXSourcesBuildPhase section */

/* Begin PBXTargetDependency section */
		EB564E4228BA7F5B00F668D9 /* PBXTargetDependency */ = {
			isa = PBXTargetDependency;
			target = EB564E2928BA7F5900F668D9 /* CocktailApp */;
			targetProxy = EB564E4128BA7F5B00F668D9 /* PBXContainerItemProxy */;
		};
		EB564E4C28BA7F5B00F668D9 /* PBXTargetDependency */ = {
			isa = PBXTargetDependency;
			target = EB564E2928BA7F5900F668D9 /* CocktailApp */;
			targetProxy = EB564E4B28BA7F5B00F668D9 /* PBXContainerItemProxy */;
		};
/* End PBXTargetDependency section */

/* Begin PBXVariantGroup section */
		EB564E3328BA7F5900F668D9 /* Main.storyboard */ = {
			isa = PBXVariantGroup;
			children = (
				EB564E3428BA7F5900F668D9 /* Base */,
			);
			name = Main.storyboard;
			sourceTree = "<group>";
		};
		EB564E3828BA7F5A00F668D9 /* LaunchScreen.storyboard */ = {
			isa = PBXVariantGroup;
			children = (
				EB564E3928BA7F5A00F668D9 /* Base */,
			);
			name = LaunchScreen.storyboard;
			sourceTree = "<group>";
		};
/* End PBXVariantGroup section */

/* Begin XCBuildConfiguration section */
		EB564E5228BA7F5B00F668D9 /* Debug */ = {
			isa = XCBuildConfiguration;
			buildSettings = {
				ALWAYS_SEARCH_USER_PATHS = NO;
				CLANG_ANALYZER_NONNULL = YES;
				CLANG_ANALYZER_NUMBER_OBJECT_CONVERSION = YES_AGGRESSIVE;
				CLANG_CXX_LANGUAGE_STANDARD = "gnu++17";
				CLANG_ENABLE_MODULES = YES;
				CLANG_ENABLE_OBJC_ARC = YES;
				CLANG_ENABLE_OBJC_WEAK = YES;
				CLANG_WARN_BLOCK_CAPTURE_AUTORELEASING = YES;
				CLANG_WARN_BOOL_CONVERSION = YES;
				CLANG_WARN_COMMA = YES;
				CLANG_WARN_CONSTANT_CONVERSION = YES;
				CLANG_WARN_DEPRECATED_OBJC_IMPLEMENTATIONS = YES;
				CLANG_WARN_DIRECT_OBJC_ISA_USAGE = YES_ERROR;
				CLANG_WARN_DOCUMENTATION_COMMENTS = YES;
				CLANG_WARN_EMPTY_BODY = YES;
				CLANG_WARN_ENUM_CONVERSION = YES;
				CLANG_WARN_INFINITE_RECURSION = YES;
				CLANG_WARN_INT_CONVERSION = YES;
				CLANG_WARN_NON_LITERAL_NULL_CONVERSION = YES;
				CLANG_WARN_OBJC_IMPLICIT_RETAIN_SELF = YES;
				CLANG_WARN_OBJC_LITERAL_CONVERSION = YES;
				CLANG_WARN_OBJC_ROOT_CLASS = YES_ERROR;
				CLANG_WARN_QUOTED_INCLUDE_IN_FRAMEWORK_HEADER = YES;
				CLANG_WARN_RANGE_LOOP_ANALYSIS = YES;
				CLANG_WARN_STRICT_PROTOTYPES = YES;
				CLANG_WARN_SUSPICIOUS_MOVE = YES;
				CLANG_WARN_UNGUARDED_AVAILABILITY = YES_AGGRESSIVE;
				CLANG_WARN_UNREACHABLE_CODE = YES;
				CLANG_WARN__DUPLICATE_METHOD_MATCH = YES;
				COPY_PHASE_STRIP = NO;
				DEBUG_INFORMATION_FORMAT = dwarf;
				ENABLE_STRICT_OBJC_MSGSEND = YES;
				ENABLE_TESTABILITY = YES;
				GCC_C_LANGUAGE_STANDARD = gnu11;
				GCC_DYNAMIC_NO_PIC = NO;
				GCC_NO_COMMON_BLOCKS = YES;
				GCC_OPTIMIZATION_LEVEL = 0;
				GCC_PREPROCESSOR_DEFINITIONS = (
					"DEBUG=1",
					"$(inherited)",
				);
				GCC_WARN_64_TO_32_BIT_CONVERSION = YES;
				GCC_WARN_ABOUT_RETURN_TYPE = YES_ERROR;
				GCC_WARN_UNDECLARED_SELECTOR = YES;
				GCC_WARN_UNINITIALIZED_AUTOS = YES_AGGRESSIVE;
				GCC_WARN_UNUSED_FUNCTION = YES;
				GCC_WARN_UNUSED_VARIABLE = YES;
				IPHONEOS_DEPLOYMENT_TARGET = 15.5;
				MTL_ENABLE_DEBUG_INFO = INCLUDE_SOURCE;
				MTL_FAST_MATH = YES;
				ONLY_ACTIVE_ARCH = YES;
				SDKROOT = iphoneos;
				SWIFT_ACTIVE_COMPILATION_CONDITIONS = DEBUG;
				SWIFT_OPTIMIZATION_LEVEL = "-Onone";
			};
			name = Debug;
		};
		EB564E5328BA7F5B00F668D9 /* Release */ = {
			isa = XCBuildConfiguration;
			buildSettings = {
				ALWAYS_SEARCH_USER_PATHS = NO;
				CLANG_ANALYZER_NONNULL = YES;
				CLANG_ANALYZER_NUMBER_OBJECT_CONVERSION = YES_AGGRESSIVE;
				CLANG_CXX_LANGUAGE_STANDARD = "gnu++17";
				CLANG_ENABLE_MODULES = YES;
				CLANG_ENABLE_OBJC_ARC = YES;
				CLANG_ENABLE_OBJC_WEAK = YES;
				CLANG_WARN_BLOCK_CAPTURE_AUTORELEASING = YES;
				CLANG_WARN_BOOL_CONVERSION = YES;
				CLANG_WARN_COMMA = YES;
				CLANG_WARN_CONSTANT_CONVERSION = YES;
				CLANG_WARN_DEPRECATED_OBJC_IMPLEMENTATIONS = YES;
				CLANG_WARN_DIRECT_OBJC_ISA_USAGE = YES_ERROR;
				CLANG_WARN_DOCUMENTATION_COMMENTS = YES;
				CLANG_WARN_EMPTY_BODY = YES;
				CLANG_WARN_ENUM_CONVERSION = YES;
				CLANG_WARN_INFINITE_RECURSION = YES;
				CLANG_WARN_INT_CONVERSION = YES;
				CLANG_WARN_NON_LITERAL_NULL_CONVERSION = YES;
				CLANG_WARN_OBJC_IMPLICIT_RETAIN_SELF = YES;
				CLANG_WARN_OBJC_LITERAL_CONVERSION = YES;
				CLANG_WARN_OBJC_ROOT_CLASS = YES_ERROR;
				CLANG_WARN_QUOTED_INCLUDE_IN_FRAMEWORK_HEADER = YES;
				CLANG_WARN_RANGE_LOOP_ANALYSIS = YES;
				CLANG_WARN_STRICT_PROTOTYPES = YES;
				CLANG_WARN_SUSPICIOUS_MOVE = YES;
				CLANG_WARN_UNGUARDED_AVAILABILITY = YES_AGGRESSIVE;
				CLANG_WARN_UNREACHABLE_CODE = YES;
				CLANG_WARN__DUPLICATE_METHOD_MATCH = YES;
				COPY_PHASE_STRIP = NO;
				DEBUG_INFORMATION_FORMAT = "dwarf-with-dsym";
				ENABLE_NS_ASSERTIONS = NO;
				ENABLE_STRICT_OBJC_MSGSEND = YES;
				GCC_C_LANGUAGE_STANDARD = gnu11;
				GCC_NO_COMMON_BLOCKS = YES;
				GCC_WARN_64_TO_32_BIT_CONVERSION = YES;
				GCC_WARN_ABOUT_RETURN_TYPE = YES_ERROR;
				GCC_WARN_UNDECLARED_SELECTOR = YES;
				GCC_WARN_UNINITIALIZED_AUTOS = YES_AGGRESSIVE;
				GCC_WARN_UNUSED_FUNCTION = YES;
				GCC_WARN_UNUSED_VARIABLE = YES;
				IPHONEOS_DEPLOYMENT_TARGET = 15.5;
				MTL_ENABLE_DEBUG_INFO = NO;
				MTL_FAST_MATH = YES;
				SDKROOT = iphoneos;
				SWIFT_COMPILATION_MODE = wholemodule;
				SWIFT_OPTIMIZATION_LEVEL = "-O";
				VALIDATE_PRODUCT = YES;
			};
			name = Release;
		};
		EB564E5528BA7F5B00F668D9 /* Debug */ = {
			isa = XCBuildConfiguration;
			baseConfigurationReference = 2CCF40CF4B7DB3ECD5824668 /* Pods-CocktailApp.debug.xcconfig */;
			buildSettings = {
				ASSETCATALOG_COMPILER_APPICON_NAME = AppIcon;
				ASSETCATALOG_COMPILER_GLOBAL_ACCENT_COLOR_NAME = AccentColor;
				CODE_SIGN_STYLE = Automatic;
				CURRENT_PROJECT_VERSION = 1;
				DEVELOPMENT_TEAM = RV4PYSDU98;
				GENERATE_INFOPLIST_FILE = YES;
				INFOPLIST_FILE = CocktailApp/Info.plist;
				INFOPLIST_KEY_UIApplicationSupportsIndirectInputEvents = YES;
				INFOPLIST_KEY_UILaunchStoryboardName = LaunchScreen;
				INFOPLIST_KEY_UIMainStoryboardFile = Main;
				INFOPLIST_KEY_UISupportedInterfaceOrientations_iPad = "UIInterfaceOrientationPortrait UIInterfaceOrientationPortraitUpsideDown UIInterfaceOrientationLandscapeLeft UIInterfaceOrientationLandscapeRight";
				INFOPLIST_KEY_UISupportedInterfaceOrientations_iPhone = "UIInterfaceOrientationPortrait UIInterfaceOrientationLandscapeLeft UIInterfaceOrientationLandscapeRight";
				LD_RUNPATH_SEARCH_PATHS = (
					"$(inherited)",
					"@executable_path/Frameworks",
				);
				MARKETING_VERSION = 1.0;
				PRODUCT_BUNDLE_IDENTIFIER = com.gasparcastello.CocktailApp;
				PRODUCT_NAME = "$(TARGET_NAME)";
				SWIFT_EMIT_LOC_STRINGS = YES;
				SWIFT_VERSION = 5.0;
				TARGETED_DEVICE_FAMILY = "1,2";
			};
			name = Debug;
		};
		EB564E5628BA7F5B00F668D9 /* Release */ = {
			isa = XCBuildConfiguration;
			baseConfigurationReference = 5FD47C4C545CB8E6FD2E8A8B /* Pods-CocktailApp.release.xcconfig */;
			buildSettings = {
				ASSETCATALOG_COMPILER_APPICON_NAME = AppIcon;
				ASSETCATALOG_COMPILER_GLOBAL_ACCENT_COLOR_NAME = AccentColor;
				CODE_SIGN_STYLE = Automatic;
				CURRENT_PROJECT_VERSION = 1;
				DEVELOPMENT_TEAM = RV4PYSDU98;
				GENERATE_INFOPLIST_FILE = YES;
				INFOPLIST_FILE = CocktailApp/Info.plist;
				INFOPLIST_KEY_UIApplicationSupportsIndirectInputEvents = YES;
				INFOPLIST_KEY_UILaunchStoryboardName = LaunchScreen;
				INFOPLIST_KEY_UIMainStoryboardFile = Main;
				INFOPLIST_KEY_UISupportedInterfaceOrientations_iPad = "UIInterfaceOrientationPortrait UIInterfaceOrientationPortraitUpsideDown UIInterfaceOrientationLandscapeLeft UIInterfaceOrientationLandscapeRight";
				INFOPLIST_KEY_UISupportedInterfaceOrientations_iPhone = "UIInterfaceOrientationPortrait UIInterfaceOrientationLandscapeLeft UIInterfaceOrientationLandscapeRight";
				LD_RUNPATH_SEARCH_PATHS = (
					"$(inherited)",
					"@executable_path/Frameworks",
				);
				MARKETING_VERSION = 1.0;
				PRODUCT_BUNDLE_IDENTIFIER = com.gasparcastello.CocktailApp;
				PRODUCT_NAME = "$(TARGET_NAME)";
				SWIFT_EMIT_LOC_STRINGS = YES;
				SWIFT_VERSION = 5.0;
				TARGETED_DEVICE_FAMILY = "1,2";
			};
			name = Release;
		};
		EB564E5828BA7F5B00F668D9 /* Debug */ = {
			isa = XCBuildConfiguration;
			baseConfigurationReference = C7B099122B98CE8DDDBDB828 /* Pods-CocktailAppTests.debug.xcconfig */;
			buildSettings = {
				ALWAYS_EMBED_SWIFT_STANDARD_LIBRARIES = YES;
				BUNDLE_LOADER = "$(TEST_HOST)";
				CLANG_ENABLE_MODULES = YES;
				CODE_SIGN_STYLE = Automatic;
				CURRENT_PROJECT_VERSION = 1;
				DEVELOPMENT_TEAM = RV4PYSDU98;
				GENERATE_INFOPLIST_FILE = YES;
				IPHONEOS_DEPLOYMENT_TARGET = 15.5;
				LD_RUNPATH_SEARCH_PATHS = (
					"$(inherited)",
					"@executable_path/Frameworks",
					"@loader_path/Frameworks",
				);
				MARKETING_VERSION = 1.0;
				PRODUCT_BUNDLE_IDENTIFIER = com.gasparcastello.CocktailAppTests;
				PRODUCT_NAME = "$(TARGET_NAME)";
				SWIFT_EMIT_LOC_STRINGS = NO;
				SWIFT_OPTIMIZATION_LEVEL = "-Onone";
				SWIFT_VERSION = 5.0;
				TARGETED_DEVICE_FAMILY = "1,2";
				TEST_HOST = "$(BUILT_PRODUCTS_DIR)/CocktailApp.app/CocktailApp";
			};
			name = Debug;
		};
		EB564E5928BA7F5B00F668D9 /* Release */ = {
			isa = XCBuildConfiguration;
			baseConfigurationReference = 2C4400FCA4D39B24F48F3328 /* Pods-CocktailAppTests.release.xcconfig */;
			buildSettings = {
				ALWAYS_EMBED_SWIFT_STANDARD_LIBRARIES = YES;
				BUNDLE_LOADER = "$(TEST_HOST)";
				CLANG_ENABLE_MODULES = YES;
				CODE_SIGN_STYLE = Automatic;
				CURRENT_PROJECT_VERSION = 1;
				DEVELOPMENT_TEAM = RV4PYSDU98;
				GENERATE_INFOPLIST_FILE = YES;
				IPHONEOS_DEPLOYMENT_TARGET = 15.5;
				LD_RUNPATH_SEARCH_PATHS = (
					"$(inherited)",
					"@executable_path/Frameworks",
					"@loader_path/Frameworks",
				);
				MARKETING_VERSION = 1.0;
				PRODUCT_BUNDLE_IDENTIFIER = com.gasparcastello.CocktailAppTests;
				PRODUCT_NAME = "$(TARGET_NAME)";
				SWIFT_EMIT_LOC_STRINGS = NO;
				SWIFT_VERSION = 5.0;
				TARGETED_DEVICE_FAMILY = "1,2";
				TEST_HOST = "$(BUILT_PRODUCTS_DIR)/CocktailApp.app/CocktailApp";
			};
			name = Release;
		};
		EB564E5B28BA7F5B00F668D9 /* Debug */ = {
			isa = XCBuildConfiguration;
			baseConfigurationReference = 49E0B7F5A33C8102CE04D4A2 /* Pods-CocktailApp-CocktailAppUITests.debug.xcconfig */;
			buildSettings = {
				ALWAYS_EMBED_SWIFT_STANDARD_LIBRARIES = YES;
				CODE_SIGN_STYLE = Automatic;
				CURRENT_PROJECT_VERSION = 1;
				DEVELOPMENT_TEAM = RV4PYSDU98;
				GENERATE_INFOPLIST_FILE = YES;
				MARKETING_VERSION = 1.0;
				PRODUCT_BUNDLE_IDENTIFIER = com.gasparcastello.CocktailAppUITests;
				PRODUCT_NAME = "$(TARGET_NAME)";
				SWIFT_EMIT_LOC_STRINGS = NO;
				SWIFT_VERSION = 5.0;
				TARGETED_DEVICE_FAMILY = "1,2";
				TEST_TARGET_NAME = CocktailApp;
			};
			name = Debug;
		};
		EB564E5C28BA7F5B00F668D9 /* Release */ = {
			isa = XCBuildConfiguration;
			baseConfigurationReference = 05D0A2F613B01EC0985D6632 /* Pods-CocktailApp-CocktailAppUITests.release.xcconfig */;
			buildSettings = {
				ALWAYS_EMBED_SWIFT_STANDARD_LIBRARIES = YES;
				CODE_SIGN_STYLE = Automatic;
				CURRENT_PROJECT_VERSION = 1;
				DEVELOPMENT_TEAM = RV4PYSDU98;
				GENERATE_INFOPLIST_FILE = YES;
				MARKETING_VERSION = 1.0;
				PRODUCT_BUNDLE_IDENTIFIER = com.gasparcastello.CocktailAppUITests;
				PRODUCT_NAME = "$(TARGET_NAME)";
				SWIFT_EMIT_LOC_STRINGS = NO;
				SWIFT_VERSION = 5.0;
				TARGETED_DEVICE_FAMILY = "1,2";
				TEST_TARGET_NAME = CocktailApp;
			};
			name = Release;
		};
/* End XCBuildConfiguration section */

/* Begin XCConfigurationList section */
		EB564E2528BA7F5900F668D9 /* Build configuration list for PBXProject "CocktailApp" */ = {
			isa = XCConfigurationList;
			buildConfigurations = (
				EB564E5228BA7F5B00F668D9 /* Debug */,
				EB564E5328BA7F5B00F668D9 /* Release */,
			);
			defaultConfigurationIsVisible = 0;
			defaultConfigurationName = Release;
		};
		EB564E5428BA7F5B00F668D9 /* Build configuration list for PBXNativeTarget "CocktailApp" */ = {
			isa = XCConfigurationList;
			buildConfigurations = (
				EB564E5528BA7F5B00F668D9 /* Debug */,
				EB564E5628BA7F5B00F668D9 /* Release */,
			);
			defaultConfigurationIsVisible = 0;
			defaultConfigurationName = Release;
		};
		EB564E5728BA7F5B00F668D9 /* Build configuration list for PBXNativeTarget "CocktailAppTests" */ = {
			isa = XCConfigurationList;
			buildConfigurations = (
				EB564E5828BA7F5B00F668D9 /* Debug */,
				EB564E5928BA7F5B00F668D9 /* Release */,
			);
			defaultConfigurationIsVisible = 0;
			defaultConfigurationName = Release;
		};
		EB564E5A28BA7F5B00F668D9 /* Build configuration list for PBXNativeTarget "CocktailAppUITests" */ = {
			isa = XCConfigurationList;
			buildConfigurations = (
				EB564E5B28BA7F5B00F668D9 /* Debug */,
				EB564E5C28BA7F5B00F668D9 /* Release */,
			);
			defaultConfigurationIsVisible = 0;
			defaultConfigurationName = Release;
		};
/* End XCConfigurationList section */
	};
	rootObject = EB564E2228BA7F5900F668D9 /* Project object */;
}
